
Microsoft Visual Studio Solution File, Format Version 12.00
# Visual Studio 15
VisualStudioVersion = 15.0.27520.0
MinimumVisualStudioVersion = 10.0.40219.1
Project("{FAE04EC0-301F-11D3-BF4B-00C04F79EFBC}") = "TrusChain-v2", "TrusChain-v2\TrusChain-v2.csproj", "{6BFAAC50-BFF2-45FA-99F0-10ED39DE39A2}"
EndProject
Project("{FAE04EC0-301F-11D3-BF4B-00C04F79EFBC}") = "IdentityService", "IdentityService\IdentityService.csproj", "{AA3091BB-B2A6-40BC-8ECE-00956777D1DE}"
EndProject
Project("{FAE04EC0-301F-11D3-BF4B-00C04F79EFBC}") = "ServicesDefinitions", "ServicesDefinitions\ServicesDefinitions.csproj", "{8BF164B3-2FAE-486D-B96E-3BCB58134EE3}"
EndProject
Project("{FAE04EC0-301F-11D3-BF4B-00C04F79EFBC}") = "TrustChain.Storage", "..\VaultChain\TrusChain\TrustChain.Storage\TrustChain.Storage.csproj", "{08B31290-75EE-4F70-B434-69C10E8F6758}"
EndProject
Global
	GlobalSection(SolutionConfigurationPlatforms) = preSolution
		Debug|Any CPU = Debug|Any CPU
		Debug|ARM = Debug|ARM
		Debug|x64 = Debug|x64
		Debug|x86 = Debug|x86
		Release|Any CPU = Release|Any CPU
		Release|ARM = Release|ARM
		Release|x64 = Release|x64
		Release|x86 = Release|x86
	EndGlobalSection
	GlobalSection(ProjectConfigurationPlatforms) = postSolution
		{6BFAAC50-BFF2-45FA-99F0-10ED39DE39A2}.Debug|Any CPU.ActiveCfg = Debug|Any CPU
		{6BFAAC50-BFF2-45FA-99F0-10ED39DE39A2}.Debug|Any CPU.Build.0 = Debug|Any CPU
		{6BFAAC50-BFF2-45FA-99F0-10ED39DE39A2}.Debug|ARM.ActiveCfg = Debug|Any CPU
		{6BFAAC50-BFF2-45FA-99F0-10ED39DE39A2}.Debug|ARM.Build.0 = Debug|Any CPU
		{6BFAAC50-BFF2-45FA-99F0-10ED39DE39A2}.Debug|x64.ActiveCfg = Debug|Any CPU
		{6BFAAC50-BFF2-45FA-99F0-10ED39DE39A2}.Debug|x64.Build.0 = Debug|Any CPU
		{6BFAAC50-BFF2-45FA-99F0-10ED39DE39A2}.Debug|x86.ActiveCfg = Debug|Any CPU
		{6BFAAC50-BFF2-45FA-99F0-10ED39DE39A2}.Debug|x86.Build.0 = Debug|Any CPU
		{6BFAAC50-BFF2-45FA-99F0-10ED39DE39A2}.Release|Any CPU.ActiveCfg = Release|Any CPU
		{6BFAAC50-BFF2-45FA-99F0-10ED39DE39A2}.Release|Any CPU.Build.0 = Release|Any CPU
		{6BFAAC50-BFF2-45FA-99F0-10ED39DE39A2}.Release|ARM.ActiveCfg = Release|Any CPU
		{6BFAAC50-BFF2-45FA-99F0-10ED39DE39A2}.Release|ARM.Build.0 = Release|Any CPU
		{6BFAAC50-BFF2-45FA-99F0-10ED39DE39A2}.Release|x64.ActiveCfg = Release|Any CPU
		{6BFAAC50-BFF2-45FA-99F0-10ED39DE39A2}.Release|x64.Build.0 = Release|Any CPU
		{6BFAAC50-BFF2-45FA-99F0-10ED39DE39A2}.Release|x86.ActiveCfg = Release|Any CPU
		{6BFAAC50-BFF2-45FA-99F0-10ED39DE39A2}.Release|x86.Build.0 = Release|Any CPU
		{AA3091BB-B2A6-40BC-8ECE-00956777D1DE}.Debug|Any CPU.ActiveCfg = Debug|Any CPU
		{AA3091BB-B2A6-40BC-8ECE-00956777D1DE}.Debug|Any CPU.Build.0 = Debug|Any CPU
		{AA3091BB-B2A6-40BC-8ECE-00956777D1DE}.Debug|ARM.ActiveCfg = Debug|Any CPU
		{AA3091BB-B2A6-40BC-8ECE-00956777D1DE}.Debug|ARM.Build.0 = Debug|Any CPU
		{AA3091BB-B2A6-40BC-8ECE-00956777D1DE}.Debug|x64.ActiveCfg = Debug|Any CPU
		{AA3091BB-B2A6-40BC-8ECE-00956777D1DE}.Debug|x64.Build.0 = Debug|Any CPU
		{AA3091BB-B2A6-40BC-8ECE-00956777D1DE}.Debug|x86.ActiveCfg = Debug|Any CPU
		{AA3091BB-B2A6-40BC-8ECE-00956777D1DE}.Debug|x86.Build.0 = Debug|Any CPU
		{AA3091BB-B2A6-40BC-8ECE-00956777D1DE}.Release|Any CPU.ActiveCfg = Release|Any CPU
		{AA3091BB-B2A6-40BC-8ECE-00956777D1DE}.Release|Any CPU.Build.0 = Release|Any CPU
		{AA3091BB-B2A6-40BC-8ECE-00956777D1DE}.Release|ARM.ActiveCfg = Release|Any CPU
		{AA3091BB-B2A6-40BC-8ECE-00956777D1DE}.Release|ARM.Build.0 = Release|Any CPU
		{AA3091BB-B2A6-40BC-8ECE-00956777D1DE}.Release|x64.ActiveCfg = Release|Any CPU
		{AA3091BB-B2A6-40BC-8ECE-00956777D1DE}.Release|x64.Build.0 = Release|Any CPU
		{AA3091BB-B2A6-40BC-8ECE-00956777D1DE}.Release|x86.ActiveCfg = Release|Any CPU
		{AA3091BB-B2A6-40BC-8ECE-00956777D1DE}.Release|x86.Build.0 = Release|Any CPU
		{8BF164B3-2FAE-486D-B96E-3BCB58134EE3}.Debug|Any CPU.ActiveCfg = Debug|Any CPU
		{8BF164B3-2FAE-486D-B96E-3BCB58134EE3}.Debug|Any CPU.Build.0 = Debug|Any CPU
		{8BF164B3-2FAE-486D-B96E-3BCB58134EE3}.Debug|ARM.ActiveCfg = Debug|Any CPU
		{8BF164B3-2FAE-486D-B96E-3BCB58134EE3}.Debug|ARM.Build.0 = Debug|Any CPU
		{8BF164B3-2FAE-486D-B96E-3BCB58134EE3}.Debug|x64.ActiveCfg = Debug|Any CPU
		{8BF164B3-2FAE-486D-B96E-3BCB58134EE3}.Debug|x64.Build.0 = Debug|Any CPU
		{8BF164B3-2FAE-486D-B96E-3BCB58134EE3}.Debug|x86.ActiveCfg = Debug|Any CPU
		{8BF164B3-2FAE-486D-B96E-3BCB58134EE3}.Debug|x86.Build.0 = Debug|Any CPU
		{8BF164B3-2FAE-486D-B96E-3BCB58134EE3}.Release|Any CPU.ActiveCfg = Release|Any CPU
		{8BF164B3-2FAE-486D-B96E-3BCB58134EE3}.Release|Any CPU.Build.0 = Release|Any CPU
		{8BF164B3-2FAE-486D-B96E-3BCB58134EE3}.Release|ARM.ActiveCfg = Release|Any CPU
		{8BF164B3-2FAE-486D-B96E-3BCB58134EE3}.Release|ARM.Build.0 = Release|Any CPU
		{8BF164B3-2FAE-486D-B96E-3BCB58134EE3}.Release|x64.ActiveCfg = Release|Any CPU
		{8BF164B3-2FAE-486D-B96E-3BCB58134EE3}.Release|x64.Build.0 = Release|Any CPU
		{8BF164B3-2FAE-486D-B96E-3BCB58134EE3}.Release|x86.ActiveCfg = Release|Any CPU
		{8BF164B3-2FAE-486D-B96E-3BCB58134EE3}.Release|x86.Build.0 = Release|Any CPU
		{08B31290-75EE-4F70-B434-69C10E8F6758}.Debug|Any CPU.ActiveCfg = Debug|Any CPU
		{08B31290-75EE-4F70-B434-69C10E8F6758}.Debug|Any CPU.Build.0 = Debug|Any CPU
		{08B31290-75EE-4F70-B434-69C10E8F6758}.Debug|ARM.ActiveCfg = Debug|Any CPU
		{08B31290-75EE-4F70-B434-69C10E8F6758}.Debug|ARM.Build.0 = Debug|Any CPU
		{08B31290-75EE-4F70-B434-69C10E8F6758}.Debug|x64.ActiveCfg = Debug|Any CPU
		{08B31290-75EE-4F70-B434-69C10E8F6758}.Debug|x64.Build.0 = Debug|Any CPU
		{08B31290-75EE-4F70-B434-69C10E8F6758}.Debug|x86.ActiveCfg = Debug|Any CPU
		{08B31290-75EE-4F70-B434-69C10E8F6758}.Debug|x86.Build.0 = Debug|Any CPU
		{08B31290-75EE-4F70-B434-69C10E8F6758}.Release|Any CPU.ActiveCfg = Release|Any CPU
		{08B31290-75EE-4F70-B434-69C10E8F6758}.Release|Any CPU.Build.0 = Release|Any CPU
		{08B31290-75EE-4F70-B434-69C10E8F6758}.Release|ARM.ActiveCfg = Release|Any CPU
		{08B31290-75EE-4F70-B434-69C10E8F6758}.Release|ARM.Build.0 = Release|Any CPU
		{08B31290-75EE-4F70-B434-69C10E8F6758}.Release|x64.ActiveCfg = Release|Any CPU
		{08B31290-75EE-4F70-B434-69C10E8F6758}.Release|x64.Build.0 = Release|Any CPU
		{08B31290-75EE-4F70-B434-69C10E8F6758}.Release|x86.ActiveCfg = Release|Any CPU
		{08B31290-75EE-4F70-B434-69C10E8F6758}.Release|x86.Build.0 = Release|Any CPU
	EndGlobalSection
	GlobalSection(SolutionProperties) = preSolution
		HideSolutionNode = FALSE
	EndGlobalSection
	GlobalSection(ExtensibilityGlobals) = postSolution
		SolutionGuid = {35F88D77-0BF8-405E-882E-7838A7868204}
	EndGlobalSection
EndGlobal
